
Microsoft Visual Studio Solution File, Format Version 12.00
# Visual Studio 15
VisualStudioVersion = 15.0.27004.2005
MinimumVisualStudioVersion = 10.0.40219.1
Project("{FAE04EC0-301F-11D3-BF4B-00C04F79EFBC}") = "schoolluch_bot", "schoolluch_bot.csproj", "{4412372A-1FDB-47CC-BA81-8DE50C56368F}"
EndProject
Global
	GlobalSection(SolutionConfigurationPlatforms) = preSolution
		Debug|Any CPU = Debug|Any CPU
		Release|Any CPU = Release|Any CPU
	EndGlobalSection
	GlobalSection(ProjectConfigurationPlatforms) = postSolution
		{4412372A-1FDB-47CC-BA81-8DE50C56368F}.Debug|Any CPU.ActiveCfg = Debug|Any CPU
		{4412372A-1FDB-47CC-BA81-8DE50C56368F}.Debug|Any CPU.Build.0 = Debug|Any CPU
		{4412372A-1FDB-47CC-BA81-8DE50C56368F}.Release|Any CPU.ActiveCfg = Release|Any CPU
		{4412372A-1FDB-47CC-BA81-8DE50C56368F}.Release|Any CPU.Build.0 = Release|Any CPU
	EndGlobalSection
	GlobalSection(SolutionProperties) = preSolution
		HideSolutionNode = FALSE
	EndGlobalSection
	GlobalSection(ExtensibilityGlobals) = postSolution
		SolutionGuid = {2E321C98-A8FB-45FD-A700-1D01A570E321}
	EndGlobalSection
EndGlobal
